// !$*UTF8*$!
{
	archiveVersion = 1;
	classes = {
	};
	objectVersion = 46;
	objects = {

/* Begin PBXBuildFile section */
		1C99E1021D461E9200736C9E /* AnimatedFormFieldTableViewCell.h in Headers */ = {isa = PBXBuildFile; fileRef = 1C99E1011D461E9200736C9E /* AnimatedFormFieldTableViewCell.h */; settings = {ATTRIBUTES = (Public, ); }; };
		1C99E1091D461E9200736C9E /* AnimatedFormFieldTableViewCell.framework in Frameworks */ = {isa = PBXBuildFile; fileRef = 1C99E0FE1D461E9200736C9E /* AnimatedFormFieldTableViewCell.framework */; };
		1C99E11A1D461EB700736C9E /* AnimatedFormFieldTableViewCell.swift in Sources */ = {isa = PBXBuildFile; fileRef = 1C99E1181D461EB700736C9E /* AnimatedFormFieldTableViewCell.swift */; };
		1C99E11B1D461EB700736C9E /* AnimatedFormFieldTableViewCell.xib in Resources */ = {isa = PBXBuildFile; fileRef = 1C99E1191D461EB700736C9E /* AnimatedFormFieldTableViewCell.xib */; };
/* End PBXBuildFile section */

/* Begin PBXContainerItemProxy section */
		1C99E10A1D461E9200736C9E /* PBXContainerItemProxy */ = {
			isa = PBXContainerItemProxy;
			containerPortal = 1C99E0F51D461E9200736C9E /* Project object */;
			proxyType = 1;
			remoteGlobalIDString = 1C99E0FD1D461E9200736C9E;
			remoteInfo = AnimatedFormFieldTableViewCell;
		};
/* End PBXContainerItemProxy section */

/* Begin PBXFileReference section */
		1C99E0FE1D461E9200736C9E /* AnimatedFormFieldTableViewCell.framework */ = {isa = PBXFileReference; explicitFileType = wrapper.framework; includeInIndex = 0; path = AnimatedFormFieldTableViewCell.framework; sourceTree = BUILT_PRODUCTS_DIR; };
		1C99E1011D461E9200736C9E /* AnimatedFormFieldTableViewCell.h */ = {isa = PBXFileReference; lastKnownFileType = sourcecode.c.h; path = AnimatedFormFieldTableViewCell.h; sourceTree = "<group>"; };
		1C99E1031D461E9200736C9E /* Info.plist */ = {isa = PBXFileReference; lastKnownFileType = text.plist.xml; path = Info.plist; sourceTree = "<group>"; };
		1C99E1081D461E9200736C9E /* AnimatedFormFieldTableViewCellTests.xctest */ = {isa = PBXFileReference; explicitFileType = wrapper.cfbundle; includeInIndex = 0; path = AnimatedFormFieldTableViewCellTests.xctest; sourceTree = BUILT_PRODUCTS_DIR; };
		1C99E1181D461EB700736C9E /* AnimatedFormFieldTableViewCell.swift */ = {isa = PBXFileReference; fileEncoding = 4; lastKnownFileType = sourcecode.swift; path = AnimatedFormFieldTableViewCell.swift; sourceTree = "<group>"; };
		1C99E1191D461EB700736C9E /* AnimatedFormFieldTableViewCell.xib */ = {isa = PBXFileReference; fileEncoding = 4; lastKnownFileType = file.xib; path = AnimatedFormFieldTableViewCell.xib; sourceTree = "<group>"; };
/* End PBXFileReference section */

/* Begin PBXFrameworksBuildPhase section */
		1C99E0FA1D461E9200736C9E /* Frameworks */ = {
			isa = PBXFrameworksBuildPhase;
			buildActionMask = 2147483647;
			files = (
			);
			runOnlyForDeploymentPostprocessing = 0;
		};
		1C99E1051D461E9200736C9E /* Frameworks */ = {
			isa = PBXFrameworksBuildPhase;
			buildActionMask = 2147483647;
			files = (
				1C99E1091D461E9200736C9E /* AnimatedFormFieldTableViewCell.framework in Frameworks */,
			);
			runOnlyForDeploymentPostprocessing = 0;
		};
/* End PBXFrameworksBuildPhase section */

/* Begin PBXGroup section */
		1C99E0F41D461E9200736C9E = {
			isa = PBXGroup;
			children = (
				1C99E1001D461E9200736C9E /* AnimatedFormFieldTableViewCell */,
				1C99E0FF1D461E9200736C9E /* Products */,
			);
			sourceTree = "<group>";
		};
		1C99E0FF1D461E9200736C9E /* Products */ = {
			isa = PBXGroup;
			children = (
				1C99E0FE1D461E9200736C9E /* AnimatedFormFieldTableViewCell.framework */,
				1C99E1081D461E9200736C9E /* AnimatedFormFieldTableViewCellTests.xctest */,
			);
			name = Products;
			sourceTree = "<group>";
		};
		1C99E1001D461E9200736C9E /* AnimatedFormFieldTableViewCell */ = {
			isa = PBXGroup;
			children = (
				1C99E1011D461E9200736C9E /* AnimatedFormFieldTableViewCell.h */,
				1C99E1031D461E9200736C9E /* Info.plist */,
				1C99E1181D461EB700736C9E /* AnimatedFormFieldTableViewCell.swift */,
				1C99E1191D461EB700736C9E /* AnimatedFormFieldTableViewCell.xib */,
			);
			path = AnimatedFormFieldTableViewCell;
			sourceTree = "<group>";
		};
/* End PBXGroup section */

/* Begin PBXHeadersBuildPhase section */
		1C99E0FB1D461E9200736C9E /* Headers */ = {
			isa = PBXHeadersBuildPhase;
			buildActionMask = 2147483647;
			files = (
				1C99E1021D461E9200736C9E /* AnimatedFormFieldTableViewCell.h in Headers */,
			);
			runOnlyForDeploymentPostprocessing = 0;
		};
/* End PBXHeadersBuildPhase section */

/* Begin PBXNativeTarget section */
		1C99E0FD1D461E9200736C9E /* AnimatedFormFieldTableViewCell */ = {
			isa = PBXNativeTarget;
			buildConfigurationList = 1C99E1121D461E9200736C9E /* Build configuration list for PBXNativeTarget "AnimatedFormFieldTableViewCell" */;
			buildPhases = (
				1C99E0F91D461E9200736C9E /* Sources */,
				1C99E0FA1D461E9200736C9E /* Frameworks */,
				1C99E0FB1D461E9200736C9E /* Headers */,
				1C99E0FC1D461E9200736C9E /* Resources */,
			);
			buildRules = (
			);
			dependencies = (
			);
			name = AnimatedFormFieldTableViewCell;
			productName = AnimatedFormFieldTableViewCell;
			productReference = 1C99E0FE1D461E9200736C9E /* AnimatedFormFieldTableViewCell.framework */;
			productType = "com.apple.product-type.framework";
		};
		1C99E1071D461E9200736C9E /* AnimatedFormFieldTableViewCellTests */ = {
			isa = PBXNativeTarget;
			buildConfigurationList = 1C99E1151D461E9300736C9E /* Build configuration list for PBXNativeTarget "AnimatedFormFieldTableViewCellTests" */;
			buildPhases = (
				1C99E1041D461E9200736C9E /* Sources */,
				1C99E1051D461E9200736C9E /* Frameworks */,
				1C99E1061D461E9200736C9E /* Resources */,
			);
			buildRules = (
			);
			dependencies = (
				1C99E10B1D461E9200736C9E /* PBXTargetDependency */,
			);
			name = AnimatedFormFieldTableViewCellTests;
			productName = AnimatedFormFieldTableViewCellTests;
			productReference = 1C99E1081D461E9200736C9E /* AnimatedFormFieldTableViewCellTests.xctest */;
			productType = "com.apple.product-type.bundle.unit-test";
		};
/* End PBXNativeTarget section */

/* Begin PBXProject section */
		1C99E0F51D461E9200736C9E /* Project object */ = {
			isa = PBXProject;
			attributes = {
				LastSwiftUpdateCheck = 0730;
				LastUpgradeCheck = 0730;
				ORGANIZATIONNAME = Intuit;
				TargetAttributes = {
					1C99E0FD1D461E9200736C9E = {
						CreatedOnToolsVersion = 7.3.1;
					};
					1C99E1071D461E9200736C9E = {
						CreatedOnToolsVersion = 7.3.1;
					};
				};
			};
			buildConfigurationList = 1C99E0F81D461E9200736C9E /* Build configuration list for PBXProject "AnimatedFormFieldTableViewCell" */;
			compatibilityVersion = "Xcode 3.2";
			developmentRegion = English;
			hasScannedForEncodings = 0;
			knownRegions = (
				en,
			);
			mainGroup = 1C99E0F41D461E9200736C9E;
			productRefGroup = 1C99E0FF1D461E9200736C9E /* Products */;
			projectDirPath = "";
			projectRoot = "";
			targets = (
				1C99E0FD1D461E9200736C9E /* AnimatedFormFieldTableViewCell */,
				1C99E1071D461E9200736C9E /* AnimatedFormFieldTableViewCellTests */,
			);
		};
/* End PBXProject section */

/* Begin PBXResourcesBuildPhase section */
		1C99E0FC1D461E9200736C9E /* Resources */ = {
			isa = PBXResourcesBuildPhase;
			buildActionMask = 2147483647;
			files = (
				1C99E11B1D461EB700736C9E /* AnimatedFormFieldTableViewCell.xib in Resources */,
			);
			runOnlyForDeploymentPostprocessing = 0;
		};
		1C99E1061D461E9200736C9E /* Resources */ = {
			isa = PBXResourcesBuildPhase;
			buildActionMask = 2147483647;
			files = (
			);
			runOnlyForDeploymentPostprocessing = 0;
		};
/* End PBXResourcesBuildPhase section */

/* Begin PBXSourcesBuildPhase section */
		1C99E0F91D461E9200736C9E /* Sources */ = {
			isa = PBXSourcesBuildPhase;
			buildActionMask = 2147483647;
			files = (
				1C99E11A1D461EB700736C9E /* AnimatedFormFieldTableViewCell.swift in Sources */,
			);
			runOnlyForDeploymentPostprocessing = 0;
		};
		1C99E1041D461E9200736C9E /* Sources */ = {
			isa = PBXSourcesBuildPhase;
			buildActionMask = 2147483647;
			files = (
			);
			runOnlyForDeploymentPostprocessing = 0;
		};
/* End PBXSourcesBuildPhase section */

/* Begin PBXTargetDependency section */
		1C99E10B1D461E9200736C9E /* PBXTargetDependency */ = {
			isa = PBXTargetDependency;
			target = 1C99E0FD1D461E9200736C9E /* AnimatedFormFieldTableViewCell */;
			targetProxy = 1C99E10A1D461E9200736C9E /* PBXContainerItemProxy */;
		};
/* End PBXTargetDependency section */

/* Begin XCBuildConfiguration section */
		1C99E1101D461E9200736C9E /* Debug */ = {
			isa = XCBuildConfiguration;
			buildSettings = {
				ALWAYS_SEARCH_USER_PATHS = NO;
				CLANG_ANALYZER_NONNULL = YES;
				CLANG_CXX_LANGUAGE_STANDARD = "gnu++0x";
				CLANG_CXX_LIBRARY = "libc++";
				CLANG_ENABLE_MODULES = YES;
				CLANG_ENABLE_OBJC_ARC = YES;
				CLANG_WARN_BOOL_CONVERSION = YES;
				CLANG_WARN_CONSTANT_CONVERSION = YES;
				CLANG_WARN_DIRECT_OBJC_ISA_USAGE = YES_ERROR;
				CLANG_WARN_EMPTY_BODY = YES;
				CLANG_WARN_ENUM_CONVERSION = YES;
				CLANG_WARN_INT_CONVERSION = YES;
				CLANG_WARN_OBJC_ROOT_CLASS = YES_ERROR;
				CLANG_WARN_UNREACHABLE_CODE = YES;
				CLANG_WARN__DUPLICATE_METHOD_MATCH = YES;
				"CODE_SIGN_IDENTITY[sdk=iphoneos*]" = "iPhone Developer";
				COPY_PHASE_STRIP = NO;
				CURRENT_PROJECT_VERSION = 1;
				DEBUG_INFORMATION_FORMAT = dwarf;
				ENABLE_STRICT_OBJC_MSGSEND = YES;
				ENABLE_TESTABILITY = YES;
				GCC_C_LANGUAGE_STANDARD = gnu99;
				GCC_DYNAMIC_NO_PIC = NO;
				GCC_NO_COMMON_BLOCKS = YES;
				GCC_OPTIMIZATION_LEVEL = 0;
				GCC_PREPROCESSOR_DEFINITIONS = (
					"DEBUG=1",
					"$(inherited)",
				);
				GCC_WARN_64_TO_32_BIT_CONVERSION = YES;
				GCC_WARN_ABOUT_RETURN_TYPE = YES_ERROR;
				GCC_WARN_UNDECLARED_SELECTOR = YES;
				GCC_WARN_UNINITIALIZED_AUTOS = YES_AGGRESSIVE;
				GCC_WARN_UNUSED_FUNCTION = YES;
				GCC_WARN_UNUSED_VARIABLE = YES;
				IPHONEOS_DEPLOYMENT_TARGET = 9.3;
				MTL_ENABLE_DEBUG_INFO = YES;
				ONLY_ACTIVE_ARCH = YES;
				SDKROOT = iphoneos;
				SWIFT_OPTIMIZATION_LEVEL = "-Onone";
				TARGETED_DEVICE_FAMILY = "1,2";
				VERSIONING_SYSTEM = "apple-generic";
				VERSION_INFO_PREFIX = "";
			};
			name = Debug;
		};
		1C99E1111D461E9200736C9E /* Release */ = {
			isa = XCBuildConfiguration;
			buildSettings = {
				ALWAYS_SEARCH_USER_PATHS = NO;
				CLANG_ANALYZER_NONNULL = YES;
				CLANG_CXX_LANGUAGE_STANDARD = "gnu++0x";
				CLANG_CXX_LIBRARY = "libc++";
				CLANG_ENABLE_MODULES = YES;
				CLANG_ENABLE_OBJC_ARC = YES;
				CLANG_WARN_BOOL_CONVERSION = YES;
				CLANG_WARN_CONSTANT_CONVERSION = YES;
				CLANG_WARN_DIRECT_OBJC_ISA_USAGE = YES_ERROR;
				CLANG_WARN_EMPTY_BODY = YES;
				CLANG_WARN_ENUM_CONVERSION = YES;
				CLANG_WARN_INT_CONVERSION = YES;
				CLANG_WARN_OBJC_ROOT_CLASS = YES_ERROR;
				CLANG_WARN_UNREACHABLE_CODE = YES;
				CLANG_WARN__DUPLICATE_METHOD_MATCH = YES;
				"CODE_SIGN_IDENTITY[sdk=iphoneos*]" = "iPhone Developer";
				COPY_PHASE_STRIP = NO;
				CURRENT_PROJECT_VERSION = 1;
				DEBUG_INFORMATION_FORMAT = "dwarf-with-dsym";
				ENABLE_NS_ASSERTIONS = NO;
				ENABLE_STRICT_OBJC_MSGSEND = YES;
				GCC_C_LANGUAGE_STANDARD = gnu99;
				GCC_NO_COMMON_BLOCKS = YES;
				GCC_WARN_64_TO_32_BIT_CONVERSION = YES;
				GCC_WARN_ABOUT_RETURN_TYPE = YES_ERROR;
				GCC_WARN_UNDECLARED_SELECTOR = YES;
				GCC_WARN_UNINITIALIZED_AUTOS = YES_AGGRESSIVE;
				GCC_WARN_UNUSED_FUNCTION = YES;
				GCC_WARN_UNUSED_VARIABLE = YES;
				IPHONEOS_DEPLOYMENT_TARGET = 9.3;
				MTL_ENABLE_DEBUG_INFO = NO;
				SDKROOT = iphoneos;
				TARGETED_DEVICE_FAMILY = "1,2";
				VALIDATE_PRODUCT = YES;
				VERSIONING_SYSTEM = "apple-generic";
				VERSION_INFO_PREFIX = "";
			};
			name = Release;
		};
		1C99E1131D461E9200736C9E /* Debug */ = {
			isa = XCBuildConfiguration;
			buildSettings = {
				CLANG_ENABLE_MODULES = YES;
				DEFINES_MODULE = YES;
				DYLIB_COMPATIBILITY_VERSION = 1;
				DYLIB_CURRENT_VERSION = 1;
				DYLIB_INSTALL_NAME_BASE = "@rpath";
				INFOPLIST_FILE = AnimatedFormFieldTableViewCell/Info.plist;
				INSTALL_PATH = "$(LOCAL_LIBRARY_DIR)/Frameworks";
				LD_RUNPATH_SEARCH_PATHS = "$(inherited) @executable_path/Frameworks @loader_path/Frameworks";
				PRODUCT_BUNDLE_IDENTIFIER = intuit.AnimatedFormFieldTableViewCell;
				PRODUCT_NAME = "$(TARGET_NAME)";
				SKIP_INSTALL = YES;
				SWIFT_OPTIMIZATION_LEVEL = "-Onone";
			};
			name = Debug;
		};
		1C99E1141D461E9200736C9E /* Release */ = {
			isa = XCBuildConfiguration;
			buildSettings = {
				CLANG_ENABLE_MODULES = YES;
				DEFINES_MODULE = YES;
				DYLIB_COMPATIBILITY_VERSION = 1;
				DYLIB_CURRENT_VERSION = 1;
				DYLIB_INSTALL_NAME_BASE = "@rpath";
				INFOPLIST_FILE = AnimatedFormFieldTableViewCell/Info.plist;
				INSTALL_PATH = "$(LOCAL_LIBRARY_DIR)/Frameworks";
				LD_RUNPATH_SEARCH_PATHS = "$(inherited) @executable_path/Frameworks @loader_path/Frameworks";
				PRODUCT_BUNDLE_IDENTIFIER = intuit.AnimatedFormFieldTableViewCell;
				PRODUCT_NAME = "$(TARGET_NAME)";
				SKIP_INSTALL = YES;
			};
			name = Release;
		};
		1C99E1161D461E9300736C9E /* Debug */ = {
			isa = XCBuildConfiguration;
			buildSettings = {
				INFOPLIST_FILE = AnimatedFormFieldTableViewCellTests/Info.plist;
				LD_RUNPATH_SEARCH_PATHS = "$(inherited) @executable_path/Frameworks @loader_path/Frameworks";
				PRODUCT_BUNDLE_IDENTIFIER = intuit.AnimatedFormFieldTableViewCellTests;
				PRODUCT_NAME = "$(TARGET_NAME)";
			};
			name = Debug;
		};
		1C99E1171D461E9300736C9E /* Release */ = {
			isa = XCBuildConfiguration;
			buildSettings = {
				INFOPLIST_FILE = AnimatedFormFieldTableViewCellTests/Info.plist;
				LD_RUNPATH_SEARCH_PATHS = "$(inherited) @executable_path/Frameworks @loader_path/Frameworks";
				PRODUCT_BUNDLE_IDENTIFIER = intuit.AnimatedFormFieldTableViewCellTests;
				PRODUCT_NAME = "$(TARGET_NAME)";
			};
			name = Release;
		};
/* End XCBuildConfiguration section */

/* Begin XCConfigurationList section */
		1C99E0F81D461E9200736C9E /* Build configuration list for PBXProject "AnimatedFormFieldTableViewCell" */ = {
			isa = XCConfigurationList;
			buildConfigurations = (
				1C99E1101D461E9200736C9E /* Debug */,
				1C99E1111D461E9200736C9E /* Release */,
			);
			defaultConfigurationIsVisible = 0;
			defaultConfigurationName = Release;
		};
		1C99E1121D461E9200736C9E /* Build configuration list for PBXNativeTarget "AnimatedFormFieldTableViewCell" */ = {
			isa = XCConfigurationList;
			buildConfigurations = (
				1C99E1131D461E9200736C9E /* Debug */,
				1C99E1141D461E9200736C9E /* Release */,
			);
			defaultConfigurationIsVisible = 0;
		};
		1C99E1151D461E9300736C9E /* Build configuration list for PBXNativeTarget "AnimatedFormFieldTableViewCellTests" */ = {
			isa = XCConfigurationList;
			buildConfigurations = (
				1C99E1161D461E9300736C9E /* Debug */,
				1C99E1171D461E9300736C9E /* Release */,
			);
			defaultConfigurationIsVisible = 0;
		};
/* End XCConfigurationList section */
	};
	rootObject = 1C99E0F51D461E9200736C9E /* Project object */;
}
