// !$*UTF8*$!
{
	archiveVersion = 1;
	classes = {
	};
	objectVersion = 46;
	objects = {

/* Begin PBXBuildFile section */
		00BD2596229F21BB0007F60A /* AnimatedFormFieldTableViewCell.xib in Resources */ = {isa = PBXBuildFile; fileRef = 00BD2592229F21BB0007F60A /* AnimatedFormFieldTableViewCell.xib */; };
		00BD259A229F223B0007F60A /* AnimatedFormFieldTableViewCell.swift in Sources */ = {isa = PBXBuildFile; fileRef = 00BD2593229F21BB0007F60A /* AnimatedFormFieldTableViewCell.swift */; };
		00BD25A0229F23780007F60A /* LaunchScreen.storyboard in Resources */ = {isa = PBXBuildFile; fileRef = 00BD259C229F23780007F60A /* LaunchScreen.storyboard */; };
		00BD25A1229F23780007F60A /* Main.storyboard in Resources */ = {isa = PBXBuildFile; fileRef = 00BD259E229F23780007F60A /* Main.storyboard */; };
		00BD25E3229F27AC0007F60A /* Assets.xcassets in Resources */ = {isa = PBXBuildFile; fileRef = 00BD25E1229F27AC0007F60A /* Assets.xcassets */; };
		1CE136F71E3E8B4E00EB7A8A /* AppDelegate.swift in Sources */ = {isa = PBXBuildFile; fileRef = 1CE136F61E3E8B4E00EB7A8A /* AppDelegate.swift */; };
		1CE136F91E3E8B4E00EB7A8A /* ViewController.swift in Sources */ = {isa = PBXBuildFile; fileRef = 1CE136F81E3E8B4E00EB7A8A /* ViewController.swift */; };
		1CE1370A1E3E8BB600EB7A8A /* FormViewController.swift in Sources */ = {isa = PBXBuildFile; fileRef = 1CE137081E3E8BB600EB7A8A /* FormViewController.swift */; };
		1CE1370B1E3E8BB600EB7A8A /* FormViewController.xib in Resources */ = {isa = PBXBuildFile; fileRef = 1CE137091E3E8BB600EB7A8A /* FormViewController.xib */; };
/* End PBXBuildFile section */

/* Begin PBXFileReference section */
		00BD2592229F21BB0007F60A /* AnimatedFormFieldTableViewCell.xib */ = {isa = PBXFileReference; fileEncoding = 4; lastKnownFileType = file.xib; name = AnimatedFormFieldTableViewCell.xib; path = AnimatedFormFieldTableViewCell/AnimatedFormFieldTableViewCell.xib; sourceTree = SOURCE_ROOT; };
		00BD2593229F21BB0007F60A /* AnimatedFormFieldTableViewCell.swift */ = {isa = PBXFileReference; fileEncoding = 4; lastKnownFileType = sourcecode.swift; name = AnimatedFormFieldTableViewCell.swift; path = AnimatedFormFieldTableViewCell/AnimatedFormFieldTableViewCell.swift; sourceTree = SOURCE_ROOT; };
		00BD259D229F23780007F60A /* Base */ = {isa = PBXFileReference; lastKnownFileType = file.storyboard; name = Base; path = LaunchScreen.storyboard; sourceTree = "<group>"; };
		00BD259F229F23780007F60A /* Base */ = {isa = PBXFileReference; lastKnownFileType = file.storyboard; name = Base; path = Main.storyboard; sourceTree = "<group>"; };
		00BD25E2229F27AC0007F60A /* Base */ = {isa = PBXFileReference; lastKnownFileType = folder.assetcatalog; name = Base; path = Assets.xcassets; sourceTree = "<group>"; };
		1CE136F31E3E8B4E00EB7A8A /* AnimatedFormFieldTableViewCell.app */ = {isa = PBXFileReference; explicitFileType = wrapper.application; includeInIndex = 0; path = AnimatedFormFieldTableViewCell.app; sourceTree = BUILT_PRODUCTS_DIR; };
		1CE136F61E3E8B4E00EB7A8A /* AppDelegate.swift */ = {isa = PBXFileReference; lastKnownFileType = sourcecode.swift; path = AppDelegate.swift; sourceTree = "<group>"; };
		1CE136F81E3E8B4E00EB7A8A /* ViewController.swift */ = {isa = PBXFileReference; lastKnownFileType = sourcecode.swift; path = ViewController.swift; sourceTree = "<group>"; };
		1CE137021E3E8B4E00EB7A8A /* Info.plist */ = {isa = PBXFileReference; lastKnownFileType = text.plist.xml; path = Info.plist; sourceTree = "<group>"; };
		1CE137081E3E8BB600EB7A8A /* FormViewController.swift */ = {isa = PBXFileReference; fileEncoding = 4; lastKnownFileType = sourcecode.swift; path = FormViewController.swift; sourceTree = "<group>"; };
		1CE137091E3E8BB600EB7A8A /* FormViewController.xib */ = {isa = PBXFileReference; fileEncoding = 4; lastKnownFileType = file.xib; path = FormViewController.xib; sourceTree = "<group>"; };
/* End PBXFileReference section */

/* Begin PBXFrameworksBuildPhase section */
		1CE136F01E3E8B4E00EB7A8A /* Frameworks */ = {
			isa = PBXFrameworksBuildPhase;
			buildActionMask = 2147483647;
			files = (
			);
			runOnlyForDeploymentPostprocessing = 0;
		};
/* End PBXFrameworksBuildPhase section */

/* Begin PBXGroup section */
		1CE136EA1E3E8B4E00EB7A8A = {
			isa = PBXGroup;
			children = (
				1CE136F51E3E8B4E00EB7A8A /* AnimatedFormFieldTableViewCell */,
				1CE136F41E3E8B4E00EB7A8A /* Products */,
			);
			sourceTree = "<group>";
		};
		1CE136F41E3E8B4E00EB7A8A /* Products */ = {
			isa = PBXGroup;
			children = (
				1CE136F31E3E8B4E00EB7A8A /* AnimatedFormFieldTableViewCell.app */,
			);
			name = Products;
			sourceTree = "<group>";
		};
		1CE136F51E3E8B4E00EB7A8A /* AnimatedFormFieldTableViewCell */ = {
			isa = PBXGroup;
			children = (
				1CE137131E3E918900EB7A8A /* Main Files */,
				1CE137121E3E917300EB7A8A /* Libraries */,
				1CE137111E3E915500EB7A8A /* Demo */,
			);
			path = AnimatedFormFieldTableViewCell;
			sourceTree = "<group>";
		};
		1CE137111E3E915500EB7A8A /* Demo */ = {
			isa = PBXGroup;
			children = (
				1CE137081E3E8BB600EB7A8A /* FormViewController.swift */,
				1CE137091E3E8BB600EB7A8A /* FormViewController.xib */,
			);
			name = Demo;
			sourceTree = "<group>";
		};
		1CE137121E3E917300EB7A8A /* Libraries */ = {
			isa = PBXGroup;
			children = (
				00BD2593229F21BB0007F60A /* AnimatedFormFieldTableViewCell.swift */,
				00BD2592229F21BB0007F60A /* AnimatedFormFieldTableViewCell.xib */,
			);
			name = Libraries;
			sourceTree = "<group>";
		};
		1CE137131E3E918900EB7A8A /* Main Files */ = {
			isa = PBXGroup;
			children = (
				00BD25E1229F27AC0007F60A /* Assets.xcassets */,
				00BD259C229F23780007F60A /* LaunchScreen.storyboard */,
				00BD259E229F23780007F60A /* Main.storyboard */,
				1CE136F61E3E8B4E00EB7A8A /* AppDelegate.swift */,
				1CE136F81E3E8B4E00EB7A8A /* ViewController.swift */,
				1CE137021E3E8B4E00EB7A8A /* Info.plist */,
			);
			name = "Main Files";
			sourceTree = "<group>";
		};
/* End PBXGroup section */

/* Begin PBXNativeTarget section */
		1CE136F21E3E8B4E00EB7A8A /* AnimatedFormFieldTableViewCell */ = {
			isa = PBXNativeTarget;
			buildConfigurationList = 1CE137051E3E8B4E00EB7A8A /* Build configuration list for PBXNativeTarget "AnimatedFormFieldTableViewCell" */;
			buildPhases = (
				1CE136EF1E3E8B4E00EB7A8A /* Sources */,
				1CE136F01E3E8B4E00EB7A8A /* Frameworks */,
				1CE136F11E3E8B4E00EB7A8A /* Resources */,
			);
			buildRules = (
			);
			dependencies = (
			);
			name = AnimatedFormFieldTableViewCell;
			productName = AnimatedFormFieldDemo;
			productReference = 1CE136F31E3E8B4E00EB7A8A /* AnimatedFormFieldTableViewCell.app */;
			productType = "com.apple.product-type.application";
		};
/* End PBXNativeTarget section */

/* Begin PBXProject section */
		1CE136EB1E3E8B4E00EB7A8A /* Project object */ = {
			isa = PBXProject;
			attributes = {
				LastSwiftUpdateCheck = 0820;
				LastUpgradeCheck = 1020;
				ORGANIZATIONNAME = "Zaltzberg, Ido";
				TargetAttributes = {
					1CE136F21E3E8B4E00EB7A8A = {
						CreatedOnToolsVersion = 8.2.1;
						DevelopmentTeam = AHR2UGS6WJ;
						ProvisioningStyle = Automatic;
					};
				};
			};
			buildConfigurationList = 1CE136EE1E3E8B4E00EB7A8A /* Build configuration list for PBXProject "AnimatedFormFieldTableViewCell" */;
			compatibilityVersion = "Xcode 3.2";
			developmentRegion = en;
			hasScannedForEncodings = 0;
			knownRegions = (
				en,
				Base,
			);
			mainGroup = 1CE136EA1E3E8B4E00EB7A8A;
			productRefGroup = 1CE136F41E3E8B4E00EB7A8A /* Products */;
			projectDirPath = "";
			projectRoot = "";
			targets = (
				1CE136F21E3E8B4E00EB7A8A /* AnimatedFormFieldTableViewCell */,
			);
		};
/* End PBXProject section */

/* Begin PBXResourcesBuildPhase section */
		1CE136F11E3E8B4E00EB7A8A /* Resources */ = {
			isa = PBXResourcesBuildPhase;
			buildActionMask = 2147483647;
			files = (
				00BD25A0229F23780007F60A /* LaunchScreen.storyboard in Resources */,
				1CE1370B1E3E8BB600EB7A8A /* FormViewController.xib in Resources */,
				00BD2596229F21BB0007F60A /* AnimatedFormFieldTableViewCell.xib in Resources */,
				00BD25A1229F23780007F60A /* Main.storyboard in Resources */,
				00BD25E3229F27AC0007F60A /* Assets.xcassets in Resources */,
			);
			runOnlyForDeploymentPostprocessing = 0;
		};
/* End PBXResourcesBuildPhase section */

/* Begin PBXSourcesBuildPhase section */
		1CE136EF1E3E8B4E00EB7A8A /* Sources */ = {
			isa = PBXSourcesBuildPhase;
			buildActionMask = 2147483647;
			files = (
				1CE1370A1E3E8BB600EB7A8A /* FormViewController.swift in Sources */,
				00BD259A229F223B0007F60A /* AnimatedFormFieldTableViewCell.swift in Sources */,
				1CE136F91E3E8B4E00EB7A8A /* ViewController.swift in Sources */,
				1CE136F71E3E8B4E00EB7A8A /* AppDelegate.swift in Sources */,
			);
			runOnlyForDeploymentPostprocessing = 0;
		};
/* End PBXSourcesBuildPhase section */

/* Begin PBXVariantGroup section */
		00BD259C229F23780007F60A /* LaunchScreen.storyboard */ = {
			isa = PBXVariantGroup;
			children = (
				00BD259D229F23780007F60A /* Base */,
			);
			name = LaunchScreen.storyboard;
			sourceTree = "<group>";
		};
		00BD259E229F23780007F60A /* Main.storyboard */ = {
			isa = PBXVariantGroup;
			children = (
				00BD259F229F23780007F60A /* Base */,
			);
			name = Main.storyboard;
			sourceTree = "<group>";
		};
		00BD25E1229F27AC0007F60A /* Assets.xcassets */ = {
			isa = PBXVariantGroup;
			children = (
				00BD25E2229F27AC0007F60A /* Base */,
			);
			name = Assets.xcassets;
			sourceTree = "<group>";
		};
/* End PBXVariantGroup section */

/* Begin XCBuildConfiguration section */
		1CE137031E3E8B4E00EB7A8A /* Debug */ = {
			isa = XCBuildConfiguration;
			buildSettings = {
				ALWAYS_SEARCH_USER_PATHS = NO;
				CLANG_ANALYZER_LOCALIZABILITY_NONLOCALIZED = YES;
				CLANG_ANALYZER_NONNULL = YES;
				CLANG_CXX_LANGUAGE_STANDARD = "gnu++0x";
				CLANG_CXX_LIBRARY = "libc++";
				CLANG_ENABLE_MODULES = YES;
				CLANG_ENABLE_OBJC_ARC = YES;
				CLANG_WARN_BLOCK_CAPTURE_AUTORELEASING = YES;
				CLANG_WARN_BOOL_CONVERSION = YES;
				CLANG_WARN_COMMA = YES;
				CLANG_WARN_CONSTANT_CONVERSION = YES;
				CLANG_WARN_DEPRECATED_OBJC_IMPLEMENTATIONS = YES;
				CLANG_WARN_DIRECT_OBJC_ISA_USAGE = YES_ERROR;
				CLANG_WARN_DOCUMENTATION_COMMENTS = YES;
				CLANG_WARN_EMPTY_BODY = YES;
				CLANG_WARN_ENUM_CONVERSION = YES;
				CLANG_WARN_INFINITE_RECURSION = YES;
				CLANG_WARN_INT_CONVERSION = YES;
				CLANG_WARN_NON_LITERAL_NULL_CONVERSION = YES;
				CLANG_WARN_OBJC_IMPLICIT_RETAIN_SELF = YES;
				CLANG_WARN_OBJC_LITERAL_CONVERSION = YES;
				CLANG_WARN_OBJC_ROOT_CLASS = YES_ERROR;
				CLANG_WARN_RANGE_LOOP_ANALYSIS = YES;
				CLANG_WARN_STRICT_PROTOTYPES = YES;
				CLANG_WARN_SUSPICIOUS_MOVE = YES;
				CLANG_WARN_UNREACHABLE_CODE = YES;
				CLANG_WARN__DUPLICATE_METHOD_MATCH = YES;
				"CODE_SIGN_IDENTITY[sdk=iphoneos*]" = "iPhone Developer";
				COPY_PHASE_STRIP = NO;
				DEBUG_INFORMATION_FORMAT = dwarf;
				ENABLE_STRICT_OBJC_MSGSEND = YES;
				ENABLE_TESTABILITY = YES;
				GCC_C_LANGUAGE_STANDARD = gnu99;
				GCC_DYNAMIC_NO_PIC = NO;
				GCC_NO_COMMON_BLOCKS = YES;
				GCC_OPTIMIZATION_LEVEL = 0;
				GCC_PREPROCESSOR_DEFINITIONS = (
					"DEBUG=1",
					"$(inherited)",
				);
				GCC_WARN_64_TO_32_BIT_CONVERSION = YES;
				GCC_WARN_ABOUT_RETURN_TYPE = YES_ERROR;
				GCC_WARN_UNDECLARED_SELECTOR = YES;
				GCC_WARN_UNINITIALIZED_AUTOS = YES_AGGRESSIVE;
				GCC_WARN_UNUSED_FUNCTION = YES;
				GCC_WARN_UNUSED_VARIABLE = YES;
				IPHONEOS_DEPLOYMENT_TARGET = 10.2;
				MTL_ENABLE_DEBUG_INFO = YES;
				ONLY_ACTIVE_ARCH = YES;
				SDKROOT = iphoneos;
				SWIFT_ACTIVE_COMPILATION_CONDITIONS = DEBUG;
				SWIFT_OPTIMIZATION_LEVEL = "-Onone";
				SWIFT_VERSION = 5.0;
				TARGETED_DEVICE_FAMILY = "1,2";
			};
			name = Debug;
		};
		1CE137041E3E8B4E00EB7A8A /* Release */ = {
			isa = XCBuildConfiguration;
			buildSettings = {
				ALWAYS_SEARCH_USER_PATHS = NO;
				CLANG_ANALYZER_LOCALIZABILITY_NONLOCALIZED = YES;
				CLANG_ANALYZER_NONNULL = YES;
				CLANG_CXX_LANGUAGE_STANDARD = "gnu++0x";
				CLANG_CXX_LIBRARY = "libc++";
				CLANG_ENABLE_MODULES = YES;
				CLANG_ENABLE_OBJC_ARC = YES;
				CLANG_WARN_BLOCK_CAPTURE_AUTORELEASING = YES;
				CLANG_WARN_BOOL_CONVERSION = YES;
				CLANG_WARN_COMMA = YES;
				CLANG_WARN_CONSTANT_CONVERSION = YES;
				CLANG_WARN_DEPRECATED_OBJC_IMPLEMENTATIONS = YES;
				CLANG_WARN_DIRECT_OBJC_ISA_USAGE = YES_ERROR;
				CLANG_WARN_DOCUMENTATION_COMMENTS = YES;
				CLANG_WARN_EMPTY_BODY = YES;
				CLANG_WARN_ENUM_CONVERSION = YES;
				CLANG_WARN_INFINITE_RECURSION = YES;
				CLANG_WARN_INT_CONVERSION = YES;
				CLANG_WARN_NON_LITERAL_NULL_CONVERSION = YES;
				CLANG_WARN_OBJC_IMPLICIT_RETAIN_SELF = YES;
				CLANG_WARN_OBJC_LITERAL_CONVERSION = YES;
				CLANG_WARN_OBJC_ROOT_CLASS = YES_ERROR;
				CLANG_WARN_RANGE_LOOP_ANALYSIS = YES;
				CLANG_WARN_STRICT_PROTOTYPES = YES;
				CLANG_WARN_SUSPICIOUS_MOVE = YES;
				CLANG_WARN_UNREACHABLE_CODE = YES;
				CLANG_WARN__DUPLICATE_METHOD_MATCH = YES;
				"CODE_SIGN_IDENTITY[sdk=iphoneos*]" = "iPhone Developer";
				COPY_PHASE_STRIP = NO;
				DEBUG_INFORMATION_FORMAT = "dwarf-with-dsym";
				ENABLE_NS_ASSERTIONS = NO;
				ENABLE_STRICT_OBJC_MSGSEND = YES;
				GCC_C_LANGUAGE_STANDARD = gnu99;
				GCC_NO_COMMON_BLOCKS = YES;
				GCC_WARN_64_TO_32_BIT_CONVERSION = YES;
				GCC_WARN_ABOUT_RETURN_TYPE = YES_ERROR;
				GCC_WARN_UNDECLARED_SELECTOR = YES;
				GCC_WARN_UNINITIALIZED_AUTOS = YES_AGGRESSIVE;
				GCC_WARN_UNUSED_FUNCTION = YES;
				GCC_WARN_UNUSED_VARIABLE = YES;
				IPHONEOS_DEPLOYMENT_TARGET = 10.2;
				MTL_ENABLE_DEBUG_INFO = NO;
				SDKROOT = iphoneos;
				SWIFT_OPTIMIZATION_LEVEL = "-Owholemodule";
				SWIFT_VERSION = 5.0;
				TARGETED_DEVICE_FAMILY = "1,2";
				VALIDATE_PRODUCT = YES;
			};
			name = Release;
		};
		1CE137061E3E8B4E00EB7A8A /* Debug */ = {
			isa = XCBuildConfiguration;
			buildSettings = {
				DEVELOPMENT_TEAM = AHR2UGS6WJ;
				INFOPLIST_FILE = "$(SRCROOT)/AnimatedFormFieldTableViewCell/Info.plist";
				LD_RUNPATH_SEARCH_PATHS = "$(inherited) @executable_path/Frameworks";
				PRODUCT_BUNDLE_IDENTIFIER = com.mint.internal.AnimatedFormFieldDemo;
				PRODUCT_NAME = "$(TARGET_NAME)";
				SWIFT_VERSION = 5.0;
			};
			name = Debug;
		};
		1CE137071E3E8B4E00EB7A8A /* Release */ = {
			isa = XCBuildConfiguration;
			buildSettings = {
				DEVELOPMENT_TEAM = AHR2UGS6WJ;
				INFOPLIST_FILE = "$(SRCROOT)/AnimatedFormFieldTableViewCell/Info.plist";
				LD_RUNPATH_SEARCH_PATHS = "$(inherited) @executable_path/Frameworks";
				PRODUCT_BUNDLE_IDENTIFIER = com.mint.internal.AnimatedFormFieldDemo;
				PRODUCT_NAME = "$(TARGET_NAME)";
				SWIFT_VERSION = 5.0;
			};
			name = Release;
		};
/* End XCBuildConfiguration section */

/* Begin XCConfigurationList section */
		1CE136EE1E3E8B4E00EB7A8A /* Build configuration list for PBXProject "AnimatedFormFieldTableViewCell" */ = {
			isa = XCConfigurationList;
			buildConfigurations = (
				1CE137031E3E8B4E00EB7A8A /* Debug */,
				1CE137041E3E8B4E00EB7A8A /* Release */,
			);
			defaultConfigurationIsVisible = 0;
			defaultConfigurationName = Release;
		};
		1CE137051E3E8B4E00EB7A8A /* Build configuration list for PBXNativeTarget "AnimatedFormFieldTableViewCell" */ = {
			isa = XCConfigurationList;
			buildConfigurations = (
				1CE137061E3E8B4E00EB7A8A /* Debug */,
				1CE137071E3E8B4E00EB7A8A /* Release */,
			);
			defaultConfigurationIsVisible = 0;
			defaultConfigurationName = Release;
		};
/* End XCConfigurationList section */
	};
	rootObject = 1CE136EB1E3E8B4E00EB7A8A /* Project object */;
}
